
Microsoft Visual Studio Solution File, Format Version 12.00
# Visual Studio Version 17
VisualStudioVersion = 17.4.33205.214
MinimumVisualStudioVersion = 10.0.40219.1
Project("{FAE04EC0-301F-11D3-BF4B-00C04F79EFBC}") = "NinjaBall", "NinjaBall\NinjaBall.csproj", "{49F465D1-342B-44B0-8AF2-E95E87A2BA6C}"
EndProject
Global
	GlobalSection(SolutionConfigurationPlatforms) = preSolution
		Debug|Any CPU = Debug|Any CPU
		Release|Any CPU = Release|Any CPU
	EndGlobalSection
	GlobalSection(ProjectConfigurationPlatforms) = postSolution
		{49F465D1-342B-44B0-8AF2-E95E87A2BA6C}.Debug|Any CPU.ActiveCfg = Debug|Any CPU
		{49F465D1-342B-44B0-8AF2-E95E87A2BA6C}.Debug|Any CPU.Build.0 = Debug|Any CPU
		{49F465D1-342B-44B0-8AF2-E95E87A2BA6C}.Release|Any CPU.ActiveCfg = Release|Any CPU
		{49F465D1-342B-44B0-8AF2-E95E87A2BA6C}.Release|Any CPU.Build.0 = Release|Any CPU
	EndGlobalSection
	GlobalSection(SolutionProperties) = preSolution
		HideSolutionNode = FALSE
	EndGlobalSection
	GlobalSection(ExtensibilityGlobals) = postSolution
		SolutionGuid = {A9EBD48B-9E62-4D78-B380-75A1CDB47D22}
	EndGlobalSection
EndGlobal
